# THIS IS AN AUTOGENERATED FILE. DO NOT EDIT THIS FILE DIRECTLY.
# yarn lockfile v1


"@types/node@*":
  version "10.5.2"
  resolved "https://registry.yarnpkg.com/@types/node/-/node-10.5.2.tgz#f19f05314d5421fe37e74153254201a7bf00a707"

acorn-es7-plugin@^1.0.12:
  version "1.1.7"
  resolved "https://registry.yarnpkg.com/acorn-es7-plugin/-/acorn-es7-plugin-1.1.7.tgz#f2ee1f3228a90eead1245f9ab1922eb2e71d336b"

acorn@^5.0.0:
  version "5.7.1"
  resolved "https://registry.yarnpkg.com/acorn/-/acorn-5.7.1.tgz#f095829297706a7c9776958c0afc8930a9b9d9d8"

agentkeepalive@^2.2.0:
  version "2.2.0"
  resolved "https://registry.yarnpkg.com/agentkeepalive/-/agentkeepalive-2.2.0.tgz#c5d1bd4b129008f1163f236f86e5faea2026e2ef"

algoliasearch@^3.29.0:
  version "3.29.0"
  resolved "https://registry.yarnpkg.com/algoliasearch/-/algoliasearch-3.29.0.tgz#d04021a5450be55ce314b928bba4a38723399bd8"
  dependencies:
    agentkeepalive "^2.2.0"
    debug "^2.6.8"
    envify "^4.0.0"
    es6-promise "^4.1.0"
    events "^1.1.0"
    foreach "^2.0.5"
    global "^4.3.2"
    inherits "^2.0.1"
    isarray "^2.0.1"
    load-script "^1.0.0"
    object-keys "^1.0.11"
    querystring-es3 "^0.2.1"
    reduce "^1.0.1"
    semver "^5.1.0"
    tunnel-agent "^0.6.0"

array-filter@^1.0.0:
  version "1.0.0"
  resolved "https://registry.yarnpkg.com/array-filter/-/array-filter-1.0.0.tgz#baf79e62e6ef4c2a4c0b831232daffec251f9d83"

axios@^0.18.0:
  version "0.18.0"
  resolved "https://registry.yarnpkg.com/axios/-/axios-0.18.0.tgz#32d53e4851efdc0a11993b6cd000789d70c05102"
  dependencies:
    follow-redirects "^1.3.0"
    is-buffer "^1.1.5"

boolbase@~1.0.0:
  version "1.0.0"
  resolved "https://registry.yarnpkg.com/boolbase/-/boolbase-1.0.0.tgz#68dff5fbe60c51eb37725ea9e3ed310dcc1e776e"

call-signature@0.0.2:
  version "0.0.2"
  resolved "https://registry.yarnpkg.com/call-signature/-/call-signature-0.0.2.tgz#a84abc825a55ef4cb2b028bd74e205a65b9a4996"

cherio@^1.0.0-rc.2:
  version "1.0.0-rc.2"
  resolved "https://registry.yarnpkg.com/cherio/-/cherio-1.0.0-rc.2.tgz#419a92e67bfaf70b0e113e2d2361a41022348a6d"
  dependencies:
    css-select "~1.2.0"
    dom-serializer "~0.1.0"
    entities "~1.1.1"
    htmlparser2 "^3.9.1"
    lodash "^4.15.0"
    parse5 "^3.0.1"

colors@^1.1.2:
  version "1.3.0"
  resolved "https://registry.yarnpkg.com/colors/-/colors-1.3.0.tgz#5f20c9fef6945cb1134260aab33bfbdc8295e04e"

commander@^2.9.0:
  version "2.16.0"
  resolved "https://registry.yarnpkg.com/commander/-/commander-2.16.0.tgz#f16390593996ceb4f3eeb020b31d78528f7f8a50"

core-js@^2.0.0:
  version "2.5.7"
  resolved "https://registry.yarnpkg.com/core-js/-/core-js-2.5.7.tgz#f972608ff0cead68b841a16a932d0b183791814e"

core-util-is@~1.0.0:
  version "1.0.2"
  resolved "https://registry.yarnpkg.com/core-util-is/-/core-util-is-1.0.2.tgz#b5fd54220aa2bc5ab57aab7140c940754503c1a7"

css-select@~1.2.0:
  version "1.2.0"
  resolved "https://registry.yarnpkg.com/css-select/-/css-select-1.2.0.tgz#2b3a110539c5355f1cd8d314623e870b121ec858"
  dependencies:
    boolbase "~1.0.0"
    css-what "2.1"
    domutils "1.5.1"
    nth-check "~1.0.1"

css-what@2.1:
  version "2.1.0"
  resolved "https://registry.yarnpkg.com/css-what/-/css-what-2.1.0.tgz#9467d032c38cfaefb9f2d79501253062f87fa1bd"

debug@^2.6.8:
  version "2.6.9"
  resolved "https://registry.yarnpkg.com/debug/-/debug-2.6.9.tgz#5d128515df134ff327e90a4c93f4e077a536341f"
  dependencies:
    ms "2.0.0"

debug@^3.1.0:
  version "3.1.0"
  resolved "https://registry.yarnpkg.com/debug/-/debug-3.1.0.tgz#5bb5a0672628b64149566ba16819e61518c67261"
  dependencies:
    ms "2.0.0"

define-properties@^1.1.2:
  version "1.1.2"
  resolved "https://registry.yarnpkg.com/define-properties/-/define-properties-1.1.2.tgz#83a73f2fea569898fb737193c8f873caf6d45c94"
  dependencies:
    foreach "^2.0.5"
    object-keys "^1.0.8"

diff-match-patch@^1.0.0:
  version "1.0.1"
  resolved "https://registry.yarnpkg.com/diff-match-patch/-/diff-match-patch-1.0.1.tgz#d5f880213d82fbc124d2b95111fb3c033dbad7fa"

dom-serializer@0, dom-serializer@~0.1.0:
  version "0.1.0"
  resolved "https://registry.yarnpkg.com/dom-serializer/-/dom-serializer-0.1.0.tgz#073c697546ce0780ce23be4a28e293e40bc30c82"
  dependencies:
    domelementtype "~1.1.1"
    entities "~1.1.1"

dom-walk@^0.1.0:
  version "0.1.1"
  resolved "https://registry.yarnpkg.com/dom-walk/-/dom-walk-0.1.1.tgz#672226dc74c8f799ad35307df936aba11acd6018"

domelementtype@1, domelementtype@^1.3.0:
  version "1.3.0"
  resolved "https://registry.yarnpkg.com/domelementtype/-/domelementtype-1.3.0.tgz#b17aed82e8ab59e52dd9c19b1756e0fc187204c2"

domelementtype@~1.1.1:
  version "1.1.3"
  resolved "https://registry.yarnpkg.com/domelementtype/-/domelementtype-1.1.3.tgz#bd28773e2642881aec51544924299c5cd822185b"

domhandler@^2.3.0:
  version "2.4.2"
  resolved "https://registry.yarnpkg.com/domhandler/-/domhandler-2.4.2.tgz#8805097e933d65e85546f726d60f5eb88b44f803"
  dependencies:
    domelementtype "1"

domutils@1.5.1:
  version "1.5.1"
  resolved "https://registry.yarnpkg.com/domutils/-/domutils-1.5.1.tgz#dcd8488a26f563d61079e48c9f7b7e32373682cf"
  dependencies:
    dom-serializer "0"
    domelementtype "1"

domutils@^1.5.1:
  version "1.7.0"
  resolved "https://registry.yarnpkg.com/domutils/-/domutils-1.7.0.tgz#56ea341e834e06e6748af7a1cb25da67ea9f8c2a"
  dependencies:
    dom-serializer "0"
    domelementtype "1"

dotenv@^6.0.0:
  version "6.0.0"
  resolved "https://registry.yarnpkg.com/dotenv/-/dotenv-6.0.0.tgz#24e37c041741c5f4b25324958ebbc34bca965935"

eastasianwidth@^0.2.0:
  version "0.2.0"
  resolved "https://registry.yarnpkg.com/eastasianwidth/-/eastasianwidth-0.2.0.tgz#696ce2ec0aa0e6ea93a397ffcf24aa7840c827cb"

empower-core@^1.2.0:
  version "1.2.0"
  resolved "https://registry.yarnpkg.com/empower-core/-/empower-core-1.2.0.tgz#ce3fb2484d5187fa29c23fba8344b0b2fdf5601c"
  dependencies:
    call-signature "0.0.2"
    core-js "^2.0.0"

empower@^1.3.0:
  version "1.3.0"
  resolved "https://registry.yarnpkg.com/empower/-/empower-1.3.0.tgz#6b05e77625e77dc44945c4328562c3020b01fa4b"
  dependencies:
    core-js "^2.0.0"
    empower-core "^1.2.0"

entities@^1.1.1, entities@~1.1.1:
  version "1.1.1"
  resolved "https://registry.yarnpkg.com/entities/-/entities-1.1.1.tgz#6e5c2d0a5621b5dadaecef80b90edfb5cd7772f0"

envify@^4.0.0:
  version "4.1.0"
  resolved "https://registry.yarnpkg.com/envify/-/envify-4.1.0.tgz#f39ad3db9d6801b4e6b478b61028d3f0b6819f7e"
  dependencies:
    esprima "^4.0.0"
    through "~2.3.4"

es6-promise@^4.1.0:
  version "4.2.4"
  resolved "https://registry.yarnpkg.com/es6-promise/-/es6-promise-4.2.4.tgz#dc4221c2b16518760bd8c39a52d8f356fc00ed29"

esprima@^4.0.0:
  version "4.0.0"
  resolved "https://registry.yarnpkg.com/esprima/-/esprima-4.0.0.tgz#4499eddcd1110e0b218bacf2fa7f7f59f55ca804"

espurify@^1.6.0:
  version "1.8.0"
  resolved "https://registry.yarnpkg.com/espurify/-/espurify-1.8.0.tgz#270d8046e4e47e923d75bc8a87357c7112ca8485"
  dependencies:
    core-js "^2.0.0"

estraverse@^4.1.0, estraverse@^4.2.0:
  version "4.2.0"
  resolved "https://registry.yarnpkg.com/estraverse/-/estraverse-4.2.0.tgz#0dee3fed31fcd469618ce7342099fc1afa0bdb13"

events@^1.1.0:
  version "1.1.1"
  resolved "https://registry.yarnpkg.com/events/-/events-1.1.1.tgz#9ebdb7635ad099c70dcc4c2a1f5004288e8bd924"

follow-redirects@^1.3.0:
  version "1.5.1"
  resolved "https://registry.yarnpkg.com/follow-redirects/-/follow-redirects-1.5.1.tgz#67a8f14f5a1f67f962c2c46469c79eaec0a90291"
  dependencies:
    debug "^3.1.0"

foreach@^2.0.5:
  version "2.0.5"
  resolved "https://registry.yarnpkg.com/foreach/-/foreach-2.0.5.tgz#0bee005018aeb260d0a3af3ae658dd0136ec1b99"

global@^4.3.2:
  version "4.3.2"
  resolved "https://registry.yarnpkg.com/global/-/global-4.3.2.tgz#e76989268a6c74c38908b1305b10fc0e394e9d0f"
  dependencies:
    min-document "^2.19.0"
    process "~0.5.1"

htmlparser2@^3.9.1:
  version "3.9.2"
  resolved "https://registry.yarnpkg.com/htmlparser2/-/htmlparser2-3.9.2.tgz#1bdf87acca0f3f9e53fa4fcceb0f4b4cbb00b338"
  dependencies:
    domelementtype "^1.3.0"
    domhandler "^2.3.0"
    domutils "^1.5.1"
    entities "^1.1.1"
    inherits "^2.0.1"
    readable-stream "^2.0.2"

indexof@0.0.1:
  version "0.0.1"
  resolved "https://registry.yarnpkg.com/indexof/-/indexof-0.0.1.tgz#82dc336d232b9062179d05ab3293a66059fd435d"

inherits@^2.0.1, inherits@~2.0.3:
  version "2.0.3"
  resolved "https://registry.yarnpkg.com/inherits/-/inherits-2.0.3.tgz#633c2c83e3da42a502f52466022480f4208261de"

is-buffer@^1.1.5:
  version "1.1.6"
  resolved "https://registry.yarnpkg.com/is-buffer/-/is-buffer-1.1.6.tgz#efaa2ea9daa0d7ab2ea13a97b2b8ad51fefbe8be"

isarray@^2.0.1:
  version "2.0.4"
  resolved "https://registry.yarnpkg.com/isarray/-/isarray-2.0.4.tgz#38e7bcbb0f3ba1b7933c86ba1894ddfc3781bbb7"

isarray@~1.0.0:
  version "1.0.0"
  resolved "https://registry.yarnpkg.com/isarray/-/isarray-1.0.0.tgz#bb935d48582cba168c06834957a54a3e07124f11"

line-reader@^0.4.0:
  version "0.4.0"
  resolved "https://registry.yarnpkg.com/line-reader/-/line-reader-0.4.0.tgz#17e44818da0ac335675ba300954f94ef670e66fd"

load-script@^1.0.0:
  version "1.0.0"
  resolved "https://registry.yarnpkg.com/load-script/-/load-script-1.0.0.tgz#0491939e0bee5643ee494a7e3da3d2bac70c6ca4"

lodash@^4.0.0, lodash@^4.15.0:
  version "4.17.10"
  resolved "https://registry.yarnpkg.com/lodash/-/lodash-4.17.10.tgz#1b7793cf7259ea38fb3661d4d38b3260af8ae4e7"

min-document@^2.19.0:
  version "2.19.0"
  resolved "https://registry.yarnpkg.com/min-document/-/min-document-2.19.0.tgz#7bd282e3f5842ed295bb748cdd9f1ffa2c824685"
  dependencies:
    dom-walk "^0.1.0"

minimist@^1.2.0:
  version "1.2.0"
  resolved "https://registry.yarnpkg.com/minimist/-/minimist-1.2.0.tgz#a35008b20f41383eec1fb914f4cd5df79a264284"

ms@2.0.0:
  version "2.0.0"
  resolved "https://registry.yarnpkg.com/ms/-/ms-2.0.0.tgz#5608aeadfc00be6c2901df5f9861788de0d597c8"

nth-check@~1.0.1:
  version "1.0.1"
  resolved "https://registry.yarnpkg.com/nth-check/-/nth-check-1.0.1.tgz#9929acdf628fc2c41098deab82ac580cf149aae4"
  dependencies:
    boolbase "~1.0.0"

object-assign@^4.0.1:
  version "4.1.1"
  resolved "https://registry.yarnpkg.com/object-assign/-/object-assign-4.1.1.tgz#2109adc7965887cfc05cbbd442cac8bfbb360863"

object-keys@^1.0.0, object-keys@^1.0.11, object-keys@^1.0.8, object-keys@~1.0.0:
  version "1.0.12"
  resolved "https://registry.yarnpkg.com/object-keys/-/object-keys-1.0.12.tgz#09c53855377575310cca62f55bb334abff7b3ed2"

parse5@^3.0.1:
  version "3.0.3"
  resolved "https://registry.yarnpkg.com/parse5/-/parse5-3.0.3.tgz#042f792ffdd36851551cf4e9e066b3874ab45b5c"
  dependencies:
    "@types/node" "*"

power-assert-context-formatter@^1.0.7:
  version "1.2.0"
  resolved "https://registry.yarnpkg.com/power-assert-context-formatter/-/power-assert-context-formatter-1.2.0.tgz#8fbe72692288ec5a7203cdf215c8b838a6061d2a"
  dependencies:
    core-js "^2.0.0"
    power-assert-context-traversal "^1.2.0"

power-assert-context-reducer-ast@^1.0.7:
  version "1.2.0"
  resolved "https://registry.yarnpkg.com/power-assert-context-reducer-ast/-/power-assert-context-reducer-ast-1.2.0.tgz#c7ca1c9e39a6fb717f7ac5fe9e76e192bf525df3"
  dependencies:
    acorn "^5.0.0"
    acorn-es7-plugin "^1.0.12"
    core-js "^2.0.0"
    espurify "^1.6.0"
    estraverse "^4.2.0"

power-assert-context-traversal@^1.2.0:
  version "1.2.0"
  resolved "https://registry.yarnpkg.com/power-assert-context-traversal/-/power-assert-context-traversal-1.2.0.tgz#f6e71454baf640de5c1c9c270349f5c9ab0b2e94"
  dependencies:
    core-js "^2.0.0"
    estraverse "^4.1.0"

power-assert-formatter@^1.4.1:
  version "1.4.1"
  resolved "https://registry.yarnpkg.com/power-assert-formatter/-/power-assert-formatter-1.4.1.tgz#5dc125ed50a3dfb1dda26c19347f3bf58ec2884a"
  dependencies:
    core-js "^2.0.0"
    power-assert-context-formatter "^1.0.7"
    power-assert-context-reducer-ast "^1.0.7"
    power-assert-renderer-assertion "^1.0.7"
    power-assert-renderer-comparison "^1.0.7"
    power-assert-renderer-diagram "^1.0.7"
    power-assert-renderer-file "^1.0.7"

power-assert-renderer-assertion@^1.0.7:
  version "1.2.0"
  resolved "https://registry.yarnpkg.com/power-assert-renderer-assertion/-/power-assert-renderer-assertion-1.2.0.tgz#3db6ffcda106b37bc1e06432ad0d748a682b147a"
  dependencies:
    power-assert-renderer-base "^1.1.1"
    power-assert-util-string-width "^1.2.0"

power-assert-renderer-base@^1.1.1:
  version "1.1.1"
  resolved "https://registry.yarnpkg.com/power-assert-renderer-base/-/power-assert-renderer-base-1.1.1.tgz#96a650c6fd05ee1bc1f66b54ad61442c8b3f63eb"

power-assert-renderer-comparison@^1.0.7:
  version "1.2.0"
  resolved "https://registry.yarnpkg.com/power-assert-renderer-comparison/-/power-assert-renderer-comparison-1.2.0.tgz#e4f88113225a69be8aa586ead05aef99462c0495"
  dependencies:
    core-js "^2.0.0"
    diff-match-patch "^1.0.0"
    power-assert-renderer-base "^1.1.1"
    stringifier "^1.3.0"
    type-name "^2.0.1"

power-assert-renderer-diagram@^1.0.7:
  version "1.2.0"
  resolved "https://registry.yarnpkg.com/power-assert-renderer-diagram/-/power-assert-renderer-diagram-1.2.0.tgz#37f66e8542e5677c5b58e6d72b01c0d9a30e2219"
  dependencies:
    core-js "^2.0.0"
    power-assert-renderer-base "^1.1.1"
    power-assert-util-string-width "^1.2.0"
    stringifier "^1.3.0"

power-assert-renderer-file@^1.0.7:
  version "1.2.0"
  resolved "https://registry.yarnpkg.com/power-assert-renderer-file/-/power-assert-renderer-file-1.2.0.tgz#3f4bebd9e1455d75cf2ac541e7bb515a87d4ce4b"
  dependencies:
    power-assert-renderer-base "^1.1.1"

power-assert-util-string-width@^1.2.0:
  version "1.2.0"
  resolved "https://registry.yarnpkg.com/power-assert-util-string-width/-/power-assert-util-string-width-1.2.0.tgz#6e06d5e3581bb876c5d377c53109fffa95bd91a0"
  dependencies:
    eastasianwidth "^0.2.0"

power-assert@^1.2.0:
  version "1.6.0"
  resolved "https://registry.yarnpkg.com/power-assert/-/power-assert-1.6.0.tgz#3a9d2b943cf0d6fc6a623766869c4460838c05fb"
  dependencies:
    define-properties "^1.1.2"
    empower "^1.3.0"
    power-assert-formatter "^1.4.1"
    universal-deep-strict-equal "^1.2.1"
    xtend "^4.0.0"

prettyjson@^1.2.1:
  version "1.2.1"
  resolved "https://registry.yarnpkg.com/prettyjson/-/prettyjson-1.2.1.tgz#fcffab41d19cab4dfae5e575e64246619b12d289"
  dependencies:
    colors "^1.1.2"
    minimist "^1.2.0"

process-nextick-args@~2.0.0:
  version "2.0.0"
  resolved "https://registry.yarnpkg.com/process-nextick-args/-/process-nextick-args-2.0.0.tgz#a37d732f4271b4ab1ad070d35508e8290788ffaa"

process@~0.5.1:
  version "0.5.2"
  resolved "https://registry.yarnpkg.com/process/-/process-0.5.2.tgz#1638d8a8e34c2f440a91db95ab9aeb677fc185cf"

querystring-es3@^0.2.1:
  version "0.2.1"
  resolved "https://registry.yarnpkg.com/querystring-es3/-/querystring-es3-0.2.1.tgz#9ec61f79049875707d69414596fd907a4d711e73"

readable-stream@^2.0.2:
  version "2.3.6"
  resolved "https://registry.yarnpkg.com/readable-stream/-/readable-stream-2.3.6.tgz#b11c27d88b8ff1fbe070643cf94b0c79ae1b0aaf"
  dependencies:
    core-util-is "~1.0.0"
    inherits "~2.0.3"
    isarray "~1.0.0"
    process-nextick-args "~2.0.0"
    safe-buffer "~5.1.1"
    string_decoder "~1.1.1"
    util-deprecate "~1.0.1"

reduce@^1.0.1:
  version "1.0.1"
  resolved "https://registry.yarnpkg.com/reduce/-/reduce-1.0.1.tgz#14fa2e5ff1fc560703a020cbb5fbaab691565804"
  dependencies:
    object-keys "~1.0.0"

restructured@0.0.11:
  version "0.0.11"
  resolved "https://registry.yarnpkg.com/restructured/-/restructured-0.0.11.tgz#f914f6b6f358b8e45d6d8ee268926cf1a783f710"
  dependencies:
    commander "^2.9.0"
    lodash "^4.0.0"
    power-assert "^1.2.0"
    unist-util-map "^1.0.2"

safe-buffer@^5.0.1, safe-buffer@~5.1.0, safe-buffer@~5.1.1:
  version "5.1.2"
  resolved "https://registry.yarnpkg.com/safe-buffer/-/safe-buffer-5.1.2.tgz#991ec69d296e0313747d59bdfd2b745c35f8828d"

semver@^5.1.0:
  version "5.5.0"
  resolved "https://registry.yarnpkg.com/semver/-/semver-5.5.0.tgz#dc4bbc7a6ca9d916dee5d43516f0092b58f7b8ab"

string_decoder@~1.1.1:
  version "1.1.1"
  resolved "https://registry.yarnpkg.com/string_decoder/-/string_decoder-1.1.1.tgz#9cf1611ba62685d7030ae9e4ba34149c3af03fc8"
  dependencies:
    safe-buffer "~5.1.0"

stringifier@^1.3.0:
  version "1.3.0"
  resolved "https://registry.yarnpkg.com/stringifier/-/stringifier-1.3.0.tgz#def18342f6933db0f2dbfc9aa02175b448c17959"
  dependencies:
    core-js "^2.0.0"
    traverse "^0.6.6"
    type-name "^2.0.1"

through@~2.3.4:
  version "2.3.8"
  resolved "https://registry.yarnpkg.com/through/-/through-2.3.8.tgz#0dd4c9ffaabc357960b1b724115d7e0e86a2e1f5"

traverse@^0.6.6:
  version "0.6.6"
  resolved "https://registry.yarnpkg.com/traverse/-/traverse-0.6.6.tgz#cbdf560fd7b9af632502fed40f918c157ea97137"

tunnel-agent@^0.6.0:
  version "0.6.0"
  resolved "https://registry.yarnpkg.com/tunnel-agent/-/tunnel-agent-0.6.0.tgz#27a5dea06b36b04a0a9966774b290868f0fc40fd"
  dependencies:
    safe-buffer "^5.0.1"

type-name@^2.0.1:
  version "2.0.2"
  resolved "https://registry.yarnpkg.com/type-name/-/type-name-2.0.2.tgz#efe7d4123d8ac52afff7f40c7e4dec5266008fb4"

unist-util-map@^1.0.2:
  version "1.0.4"
  resolved "https://registry.yarnpkg.com/unist-util-map/-/unist-util-map-1.0.4.tgz#f27bb03e14e8072171379d132c96c1dfcea44574"
  dependencies:
    object-assign "^4.0.1"

universal-deep-strict-equal@^1.2.1:
  version "1.2.2"
  resolved "https://registry.yarnpkg.com/universal-deep-strict-equal/-/universal-deep-strict-equal-1.2.2.tgz#0da4ac2f73cff7924c81fa4de018ca562ca2b0a7"
  dependencies:
    array-filter "^1.0.0"
    indexof "0.0.1"
    object-keys "^1.0.0"

util-deprecate@~1.0.1:
  version "1.0.2"
  resolved "https://registry.yarnpkg.com/util-deprecate/-/util-deprecate-1.0.2.tgz#450d4dc9fa70de732762fbd2d4a28981419a0ccf"

xtend@^4.0.0:
  version "4.0.1"
  resolved "https://registry.yarnpkg.com/xtend/-/xtend-4.0.1.tgz#a5c6d532be656e23db820efb943a1f04998d63af"
